// !$*UTF8*$!
{
	archiveVersion = 1;
	classes = {
	};
	objectVersion = 56;
	objects = {

/* Begin PBXBuildFile section */
		C24C02AA2AF3CFC100D325FE /* side_bar_and_scrollsApp.swift in Sources */ = {isa = PBXBuildFile; fileRef = C24C02A92AF3CFC100D325FE /* side_bar_and_scrollsApp.swift */; };
		C24C02AC2AF3CFC100D325FE /* ContentView.swift in Sources */ = {isa = PBXBuildFile; fileRef = C24C02AB2AF3CFC100D325FE /* ContentView.swift */; };
		C24C02AE2AF3CFC200D325FE /* Assets.xcassets in Resources */ = {isa = PBXBuildFile; fileRef = C24C02AD2AF3CFC200D325FE /* Assets.xcassets */; };
		C24C02B12AF3CFC200D325FE /* Preview Assets.xcassets in Resources */ = {isa = PBXBuildFile; fileRef = C24C02B02AF3CFC200D325FE /* Preview Assets.xcassets */; };
		C2EDD2AD2AF3D8D0003A264C /* ImageScrolls.swift in Sources */ = {isa = PBXBuildFile; fileRef = C2EDD2AC2AF3D8D0003A264C /* ImageScrolls.swift */; };
		C2EDD2AF2AF3D92A003A264C /* sidenav.swift in Sources */ = {isa = PBXBuildFile; fileRef = C2EDD2AE2AF3D92A003A264C /* sidenav.swift */; };
/* End PBXBuildFile section */

/* Begin PBXFileReference section */
		C24C02A62AF3CFC100D325FE /* side bar and scrolls.app */ = {isa = PBXFileReference; explicitFileType = wrapper.application; includeInIndex = 0; path = "side bar and scrolls.app"; sourceTree = BUILT_PRODUCTS_DIR; };
		C24C02A92AF3CFC100D325FE /* side_bar_and_scrollsApp.swift */ = {isa = PBXFileReference; lastKnownFileType = sourcecode.swift; path = side_bar_and_scrollsApp.swift; sourceTree = "<group>"; };
		C24C02AB2AF3CFC100D325FE /* ContentView.swift */ = {isa = PBXFileReference; lastKnownFileType = sourcecode.swift; path = ContentView.swift; sourceTree = "<group>"; };
		C24C02AD2AF3CFC200D325FE /* Assets.xcassets */ = {isa = PBXFileReference; lastKnownFileType = folder.assetcatalog; path = Assets.xcassets; sourceTree = "<group>"; };
		C24C02B02AF3CFC200D325FE /* Preview Assets.xcassets */ = {isa = PBXFileReference; lastKnownFileType = folder.assetcatalog; path = "Preview Assets.xcassets"; sourceTree = "<group>"; };
		C2EDD2AC2AF3D8D0003A264C /* ImageScrolls.swift */ = {isa = PBXFileReference; lastKnownFileType = sourcecode.swift; path = ImageScrolls.swift; sourceTree = "<group>"; };
		C2EDD2AE2AF3D92A003A264C /* sidenav.swift */ = {isa = PBXFileReference; lastKnownFileType = sourcecode.swift; path = sidenav.swift; sourceTree = "<group>"; };
/* End PBXFileReference section */

/* Begin PBXFrameworksBuildPhase section */
		C24C02A32AF3CFC100D325FE /* Frameworks */ = {
			isa = PBXFrameworksBuildPhase;
			buildActionMask = 2147483647;
			files = (
			);
			runOnlyForDeploymentPostprocessing = 0;
		};
/* End PBXFrameworksBuildPhase section */

/* Begin PBXGroup section */
		C24C029D2AF3CFC100D325FE = {
			isa = PBXGroup;
			children = (
				C24C02A82AF3CFC100D325FE /* side bar and scrolls */,
				C24C02A72AF3CFC100D325FE /* Products */,
			);
			sourceTree = "<group>";
		};
		C24C02A72AF3CFC100D325FE /* Products */ = {
			isa = PBXGroup;
			children = (
				C24C02A62AF3CFC100D325FE /* side bar and scrolls.app */,
			);
			name = Products;
			sourceTree = "<group>";
		};
		C24C02A82AF3CFC100D325FE /* side bar and scrolls */ = {
			isa = PBXGroup;
			children = (
				C2EDD2AC2AF3D8D0003A264C /* ImageScrolls.swift */,
				C24C02A92AF3CFC100D325FE /* side_bar_and_scrollsApp.swift */,
				C24C02AB2AF3CFC100D325FE /* ContentView.swift */,
				C2EDD2AE2AF3D92A003A264C /* sidenav.swift */,
				C24C02AD2AF3CFC200D325FE /* Assets.xcassets */,
				C24C02AF2AF3CFC200D325FE /* Preview Content */,
			);
			path = "side bar and scrolls";
			sourceTree = "<group>";
		};
		C24C02AF2AF3CFC200D325FE /* Preview Content */ = {
			isa = PBXGroup;
			children = (
				C24C02B02AF3CFC200D325FE /* Preview Assets.xcassets */,
			);
			path = "Preview Content";
			sourceTree = "<group>";
		};
/* End PBXGroup section */

/* Begin PBXNativeTarget section */
		C24C02A52AF3CFC100D325FE /* side bar and scrolls */ = {
			isa = PBXNativeTarget;
			buildConfigurationList = C24C02B42AF3CFC200D325FE /* Build configuration list for PBXNativeTarget "side bar and scrolls" */;
			buildPhases = (
				C24C02A22AF3CFC100D325FE /* Sources */,
				C24C02A32AF3CFC100D325FE /* Frameworks */,
				C24C02A42AF3CFC100D325FE /* Resources */,
			);
			buildRules = (
			);
			dependencies = (
			);
			name = "side bar and scrolls";
			productName = "side bar and scrolls";
			productReference = C24C02A62AF3CFC100D325FE /* side bar and scrolls.app */;
			productType = "com.apple.product-type.application";
		};
/* End PBXNativeTarget section */

/* Begin PBXProject section */
		C24C029E2AF3CFC100D325FE /* Project object */ = {
			isa = PBXProject;
			attributes = {
				BuildIndependentTargetsInParallel = 1;
				LastSwiftUpdateCheck = 1500;
				LastUpgradeCheck = 1500;
				TargetAttributes = {
					C24C02A52AF3CFC100D325FE = {
						CreatedOnToolsVersion = 15.0;
					};
				};
			};
			buildConfigurationList = C24C02A12AF3CFC100D325FE /* Build configuration list for PBXProject "side bar and scrolls" */;
			compatibilityVersion = "Xcode 14.0";
			developmentRegion = en;
			hasScannedForEncodings = 0;
			knownRegions = (
				en,
				Base,
			);
			mainGroup = C24C029D2AF3CFC100D325FE;
			productRefGroup = C24C02A72AF3CFC100D325FE /* Products */;
			projectDirPath = "";
			projectRoot = "";
			targets = (
				C24C02A52AF3CFC100D325FE /* side bar and scrolls */,
			);
		};
/* End PBXProject section */

/* Begin PBXResourcesBuildPhase section */
		C24C02A42AF3CFC100D325FE /* Resources */ = {
			isa = PBXResourcesBuildPhase;
			buildActionMask = 2147483647;
			files = (
				C24C02B12AF3CFC200D325FE /* Preview Assets.xcassets in Resources */,
				C24C02AE2AF3CFC200D325FE /* Assets.xcassets in Resources */,
			);
			runOnlyForDeploymentPostprocessing = 0;
		};
/* End PBXResourcesBuildPhase section */

/* Begin PBXSourcesBuildPhase section */
		C24C02A22AF3CFC100D325FE /* Sources */ = {
			isa = PBXSourcesBuildPhase;
			buildActionMask = 2147483647;
			files = (
				C24C02AC2AF3CFC100D325FE /* ContentView.swift in Sources */,
				C24C02AA2AF3CFC100D325FE /* side_bar_and_scrollsApp.swift in Sources */,
				C2EDD2AF2AF3D92A003A264C /* sidenav.swift in Sources */,
				C2EDD2AD2AF3D8D0003A264C /* ImageScrolls.swift in Sources */,
			);
			runOnlyForDeploymentPostprocessing = 0;
		};
/* End PBXSourcesBuildPhase section */

/* Begin XCBuildConfiguration section */
		C24C02B22AF3CFC200D325FE /* Debug */ = {
			isa = XCBuildConfiguration;
			buildSettings = {
				ALWAYS_SEARCH_USER_PATHS = NO;
				ASSETCATALOG_COMPILER_GENERATE_SWIFT_ASSET_SYMBOL_EXTENSIONS = YES;
				CLANG_ANALYZER_NONNULL = YES;
				CLANG_ANALYZER_NUMBER_OBJECT_CONVERSION = YES_AGGRESSIVE;
				CLANG_CXX_LANGUAGE_STANDARD = "gnu++20";
				CLANG_ENABLE_MODULES = YES;
				CLANG_ENABLE_OBJC_ARC = YES;
				CLANG_ENABLE_OBJC_WEAK = YES;
				CLANG_WARN_BLOCK_CAPTURE_AUTORELEASING = YES;
				CLANG_WARN_BOOL_CONVERSION = YES;
				CLANG_WARN_COMMA = YES;
				CLANG_WARN_CONSTANT_CONVERSION = YES;
				CLANG_WARN_DEPRECATED_OBJC_IMPLEMENTATIONS = YES;
				CLANG_WARN_DIRECT_OBJC_ISA_USAGE = YES_ERROR;
				CLANG_WARN_DOCUMENTATION_COMMENTS = YES;
				CLANG_WARN_EMPTY_BODY = YES;
				CLANG_WARN_ENUM_CONVERSION = YES;
				CLANG_WARN_INFINITE_RECURSION = YES;
				CLANG_WARN_INT_CONVERSION = YES;
				CLANG_WARN_NON_LITERAL_NULL_CONVERSION = YES;
				CLANG_WARN_OBJC_IMPLICIT_RETAIN_SELF = YES;
				CLANG_WARN_OBJC_LITERAL_CONVERSION = YES;
				CLANG_WARN_OBJC_ROOT_CLASS = YES_ERROR;
				CLANG_WARN_QUOTED_INCLUDE_IN_FRAMEWORK_HEADER = YES;
				CLANG_WARN_RANGE_LOOP_ANALYSIS = YES;
				CLANG_WARN_STRICT_PROTOTYPES = YES;
				CLANG_WARN_SUSPICIOUS_MOVE = YES;
				CLANG_WARN_UNGUARDED_AVAILABILITY = YES_AGGRESSIVE;
				CLANG_WARN_UNREACHABLE_CODE = YES;
				CLANG_WARN__DUPLICATE_METHOD_MATCH = YES;
				COPY_PHASE_STRIP = NO;
				DEBUG_INFORMATION_FORMAT = dwarf;
				ENABLE_STRICT_OBJC_MSGSEND = YES;
				ENABLE_TESTABILITY = YES;
				ENABLE_USER_SCRIPT_SANDBOXING = YES;
				GCC_C_LANGUAGE_STANDARD = gnu17;
				GCC_DYNAMIC_NO_PIC = NO;
				GCC_NO_COMMON_BLOCKS = YES;
				GCC_OPTIMIZATION_LEVEL = 0;
				GCC_PREPROCESSOR_DEFINITIONS = (
					"DEBUG=1",
					"$(inherited)",
				);
				GCC_WARN_64_TO_32_BIT_CONVERSION = YES;
				GCC_WARN_ABOUT_RETURN_TYPE = YES_ERROR;
				GCC_WARN_UNDECLARED_SELECTOR = YES;
				GCC_WARN_UNINITIALIZED_AUTOS = YES_AGGRESSIVE;
				GCC_WARN_UNUSED_FUNCTION = YES;
				GCC_WARN_UNUSED_VARIABLE = YES;
				IPHONEOS_DEPLOYMENT_TARGET = 17.0;
				LOCALIZATION_PREFERS_STRING_CATALOGS = YES;
				MTL_ENABLE_DEBUG_INFO = INCLUDE_SOURCE;
				MTL_FAST_MATH = YES;
				ONLY_ACTIVE_ARCH = YES;
				SDKROOT = iphoneos;
				SWIFT_ACTIVE_COMPILATION_CONDITIONS = "DEBUG $(inherited)";
				SWIFT_OPTIMIZATION_LEVEL = "-Onone";
			};
			name = Debug;
		};
		C24C02B32AF3CFC200D325FE /* Release */ = {
			isa = XCBuildConfiguration;
			buildSettings = {
				ALWAYS_SEARCH_USER_PATHS = NO;
				ASSETCATALOG_COMPILER_GENERATE_SWIFT_ASSET_SYMBOL_EXTENSIONS = YES;
				CLANG_ANALYZER_NONNULL = YES;
				CLANG_ANALYZER_NUMBER_OBJECT_CONVERSION = YES_AGGRESSIVE;
				CLANG_CXX_LANGUAGE_STANDARD = "gnu++20";
				CLANG_ENABLE_MODULES = YES;
				CLANG_ENABLE_OBJC_ARC = YES;
				CLANG_ENABLE_OBJC_WEAK = YES;
				CLANG_WARN_BLOCK_CAPTURE_AUTORELEASING = YES;
				CLANG_WARN_BOOL_CONVERSION = YES;
				CLANG_WARN_COMMA = YES;
				CLANG_WARN_CONSTANT_CONVERSION = YES;
				CLANG_WARN_DEPRECATED_OBJC_IMPLEMENTATIONS = YES;
				CLANG_WARN_DIRECT_OBJC_ISA_USAGE = YES_ERROR;
				CLANG_WARN_DOCUMENTATION_COMMENTS = YES;
				CLANG_WARN_EMPTY_BODY = YES;
				CLANG_WARN_ENUM_CONVERSION = YES;
				CLANG_WARN_INFINITE_RECURSION = YES;
				CLANG_WARN_INT_CONVERSION = YES;
				CLANG_WARN_NON_LITERAL_NULL_CONVERSION = YES;
				CLANG_WARN_OBJC_IMPLICIT_RETAIN_SELF = YES;
				CLANG_WARN_OBJC_LITERAL_CONVERSION = YES;
				CLANG_WARN_OBJC_ROOT_CLASS = YES_ERROR;
				CLANG_WARN_QUOTED_INCLUDE_IN_FRAMEWORK_HEADER = YES;
				CLANG_WARN_RANGE_LOOP_ANALYSIS = YES;
				CLANG_WARN_STRICT_PROTOTYPES = YES;
				CLANG_WARN_SUSPICIOUS_MOVE = YES;
				CLANG_WARN_UNGUARDED_AVAILABILITY = YES_AGGRESSIVE;
				CLANG_WARN_UNREACHABLE_CODE = YES;
				CLANG_WARN__DUPLICATE_METHOD_MATCH = YES;
				COPY_PHASE_STRIP = NO;
				DEBUG_INFORMATION_FORMAT = "dwarf-with-dsym";
				ENABLE_NS_ASSERTIONS = NO;
				ENABLE_STRICT_OBJC_MSGSEND = YES;
				ENABLE_USER_SCRIPT_SANDBOXING = YES;
				GCC_C_LANGUAGE_STANDARD = gnu17;
				GCC_NO_COMMON_BLOCKS = YES;
				GCC_WARN_64_TO_32_BIT_CONVERSION = YES;
				GCC_WARN_ABOUT_RETURN_TYPE = YES_ERROR;
				GCC_WARN_UNDECLARED_SELECTOR = YES;
				GCC_WARN_UNINITIALIZED_AUTOS = YES_AGGRESSIVE;
				GCC_WARN_UNUSED_FUNCTION = YES;
				GCC_WARN_UNUSED_VARIABLE = YES;
				IPHONEOS_DEPLOYMENT_TARGET = 17.0;
				LOCALIZATION_PREFERS_STRING_CATALOGS = YES;
				MTL_ENABLE_DEBUG_INFO = NO;
				MTL_FAST_MATH = YES;
				SDKROOT = iphoneos;
				SWIFT_COMPILATION_MODE = wholemodule;
				VALIDATE_PRODUCT = YES;
			};
			name = Release;
		};
		C24C02B52AF3CFC200D325FE /* Debug */ = {
			isa = XCBuildConfiguration;
			buildSettings = {
				ASSETCATALOG_COMPILER_APPICON_NAME = AppIcon;
				ASSETCATALOG_COMPILER_GLOBAL_ACCENT_COLOR_NAME = AccentColor;
				CODE_SIGN_STYLE = Automatic;
				CURRENT_PROJECT_VERSION = 1;
				DEVELOPMENT_ASSET_PATHS = "\"side bar and scrolls/Preview Content\"";
				ENABLE_PREVIEWS = YES;
				GENERATE_INFOPLIST_FILE = YES;
				INFOPLIST_KEY_UIApplicationSceneManifest_Generation = YES;
				INFOPLIST_KEY_UIApplicationSupportsIndirectInputEvents = YES;
				INFOPLIST_KEY_UILaunchScreen_Generation = YES;
				INFOPLIST_KEY_UISupportedInterfaceOrientations_iPad = "UIInterfaceOrientationPortrait UIInterfaceOrientationPortraitUpsideDown UIInterfaceOrientationLandscapeLeft UIInterfaceOrientationLandscapeRight";
				INFOPLIST_KEY_UISupportedInterfaceOrientations_iPhone = "UIInterfaceOrientationPortrait UIInterfaceOrientationLandscapeLeft UIInterfaceOrientationLandscapeRight";
				LD_RUNPATH_SEARCH_PATHS = (
					"$(inherited)",
					"@executable_path/Frameworks",
				);
				MARKETING_VERSION = 1.0;
				PRODUCT_BUNDLE_IDENTIFIER = "com.acabes.side-bar-and-scrolls";
				PRODUCT_NAME = "$(TARGET_NAME)";
				SWIFT_EMIT_LOC_STRINGS = YES;
				SWIFT_VERSION = 5.0;
				TARGETED_DEVICE_FAMILY = "1,2";
			};
			name = Debug;
		};
		C24C02B62AF3CFC200D325FE /* Release */ = {
			isa = XCBuildConfiguration;
			buildSettings = {
				ASSETCATALOG_COMPILER_APPICON_NAME = AppIcon;
				ASSETCATALOG_COMPILER_GLOBAL_ACCENT_COLOR_NAME = AccentColor;
				CODE_SIGN_STYLE = Automatic;
				CURRENT_PROJECT_VERSION = 1;
				DEVELOPMENT_ASSET_PATHS = "\"side bar and scrolls/Preview Content\"";
				ENABLE_PREVIEWS = YES;
				GENERATE_INFOPLIST_FILE = YES;
				INFOPLIST_KEY_UIApplicationSceneManifest_Generation = YES;
				INFOPLIST_KEY_UIApplicationSupportsIndirectInputEvents = YES;
				INFOPLIST_KEY_UILaunchScreen_Generation = YES;
				INFOPLIST_KEY_UISupportedInterfaceOrientations_iPad = "UIInterfaceOrientationPortrait UIInterfaceOrientationPortraitUpsideDown UIInterfaceOrientationLandscapeLeft UIInterfaceOrientationLandscapeRight";
				INFOPLIST_KEY_UISupportedInterfaceOrientations_iPhone = "UIInterfaceOrientationPortrait UIInterfaceOrientationLandscapeLeft UIInterfaceOrientationLandscapeRight";
				LD_RUNPATH_SEARCH_PATHS = (
					"$(inherited)",
					"@executable_path/Frameworks",
				);
				MARKETING_VERSION = 1.0;
				PRODUCT_BUNDLE_IDENTIFIER = "com.acabes.side-bar-and-scrolls";
				PRODUCT_NAME = "$(TARGET_NAME)";
				SWIFT_EMIT_LOC_STRINGS = YES;
				SWIFT_VERSION = 5.0;
				TARGETED_DEVICE_FAMILY = "1,2";
			};
			name = Release;
		};
/* End XCBuildConfiguration section */

/* Begin XCConfigurationList section */
		C24C02A12AF3CFC100D325FE /* Build configuration list for PBXProject "side bar and scrolls" */ = {
			isa = XCConfigurationList;
			buildConfigurations = (
				C24C02B22AF3CFC200D325FE /* Debug */,
				C24C02B32AF3CFC200D325FE /* Release */,
			);
			defaultConfigurationIsVisible = 0;
			defaultConfigurationName = Release;
		};
		C24C02B42AF3CFC200D325FE /* Build configuration list for PBXNativeTarget "side bar and scrolls" */ = {
			isa = XCConfigurationList;
			buildConfigurations = (
				C24C02B52AF3CFC200D325FE /* Debug */,
				C24C02B62AF3CFC200D325FE /* Release */,
			);
			defaultConfigurationIsVisible = 0;
			defaultConfigurationName = Release;
		};
/* End XCConfigurationList section */
	};
	rootObject = C24C029E2AF3CFC100D325FE /* Project object */;
}
